
Microsoft Visual Studio Solution File, Format Version 12.00
# Visual Studio Version 17
VisualStudioVersion = 17.1.32414.318
MinimumVisualStudioVersion = 10.0.40219.1
Project("{2150E333-8FDC-42A3-9474-1A3956D46DE8}") = "src", "src", "{C7697953-283E-4320-8E6A-63600F8C67F5}"
EndProject
Project("{2150E333-8FDC-42A3-9474-1A3956D46DE8}") = "test", "test", "{ACC9CE0D-44A2-45A5-B55A-4E20AA82B64F}"
EndProject
Project("{2150E333-8FDC-42A3-9474-1A3956D46DE8}") = "App", "App", "{4321C311-BDEE-4CF4-AC58-57A4910A0E94}"
EndProject
Project("{2150E333-8FDC-42A3-9474-1A3956D46DE8}") = "Core", "Core", "{B36F98FF-DD41-486A-9FE7-B566C801B05B}"
EndProject
Project("{2150E333-8FDC-42A3-9474-1A3956D46DE8}") = "Infra", "Infra", "{31910B5A-C1B7-47F2-A5A2-C2A30E62BA71}"
EndProject
Project("{9A19103F-16F7-4668-BE54-9A1E7A4F7556}") = "Cafeteria.Infrastructure.Persistence", "Cafeteria.Infrastructure.Persistence\Cafeteria.Infrastructure.Persistence.csproj", "{FAFE01F2-56B0-4E0E-990A-F4514F431CEA}"
EndProject
Project("{2150E333-8FDC-42A3-9474-1A3956D46DE8}") = "Core", "Core", "{B0E3B0CC-9C2B-42DD-9DFE-0600A8F5DF4A}"
EndProject
Project("{9A19103F-16F7-4668-BE54-9A1E7A4F7556}") = "Cafeteria.Web", "Cafeteria.Web\Cafeteria.Web.csproj", "{B01F7F07-9499-4247-8C41-8323DBF12646}"
EndProject
Project("{9A19103F-16F7-4668-BE54-9A1E7A4F7556}") = "Cafeteria.Application", "Cafeteria.Application\Cafeteria.Application.csproj", "{FE92743D-4621-40D8-BD20-570FE9D02A63}"
EndProject
Project("{9A19103F-16F7-4668-BE54-9A1E7A4F7556}") = "Cafeteria.Domain", "Cafeteria.Domain\Cafeteria.Domain.csproj", "{6C7789B6-8E48-405A-87B7-37CCC8DC76E0}"
EndProject
Project("{FAE04EC0-301F-11D3-BF4B-00C04F79EFBC}") = "Cafeteria.Application.Test", "Cafeteria.Application.Test\Cafeteria.Application.Test.csproj", "{672CEAF7-AC88-47AB-9CC0-48F3A3793071}"
EndProject
Global
	GlobalSection(SolutionConfigurationPlatforms) = preSolution
		Debug|Any CPU = Debug|Any CPU
		Release|Any CPU = Release|Any CPU
	EndGlobalSection
	GlobalSection(ProjectConfigurationPlatforms) = postSolution
		{FAFE01F2-56B0-4E0E-990A-F4514F431CEA}.Debug|Any CPU.ActiveCfg = Debug|Any CPU
		{FAFE01F2-56B0-4E0E-990A-F4514F431CEA}.Debug|Any CPU.Build.0 = Debug|Any CPU
		{FAFE01F2-56B0-4E0E-990A-F4514F431CEA}.Release|Any CPU.ActiveCfg = Release|Any CPU
		{FAFE01F2-56B0-4E0E-990A-F4514F431CEA}.Release|Any CPU.Build.0 = Release|Any CPU
		{B01F7F07-9499-4247-8C41-8323DBF12646}.Debug|Any CPU.ActiveCfg = Debug|Any CPU
		{B01F7F07-9499-4247-8C41-8323DBF12646}.Debug|Any CPU.Build.0 = Debug|Any CPU
		{B01F7F07-9499-4247-8C41-8323DBF12646}.Release|Any CPU.ActiveCfg = Release|Any CPU
		{B01F7F07-9499-4247-8C41-8323DBF12646}.Release|Any CPU.Build.0 = Release|Any CPU
		{FE92743D-4621-40D8-BD20-570FE9D02A63}.Debug|Any CPU.ActiveCfg = Debug|Any CPU
		{FE92743D-4621-40D8-BD20-570FE9D02A63}.Debug|Any CPU.Build.0 = Debug|Any CPU
		{FE92743D-4621-40D8-BD20-570FE9D02A63}.Release|Any CPU.ActiveCfg = Release|Any CPU
		{FE92743D-4621-40D8-BD20-570FE9D02A63}.Release|Any CPU.Build.0 = Release|Any CPU
		{6C7789B6-8E48-405A-87B7-37CCC8DC76E0}.Debug|Any CPU.ActiveCfg = Debug|Any CPU
		{6C7789B6-8E48-405A-87B7-37CCC8DC76E0}.Debug|Any CPU.Build.0 = Debug|Any CPU
		{6C7789B6-8E48-405A-87B7-37CCC8DC76E0}.Release|Any CPU.ActiveCfg = Release|Any CPU
		{6C7789B6-8E48-405A-87B7-37CCC8DC76E0}.Release|Any CPU.Build.0 = Release|Any CPU
		{672CEAF7-AC88-47AB-9CC0-48F3A3793071}.Debug|Any CPU.ActiveCfg = Debug|Any CPU
		{672CEAF7-AC88-47AB-9CC0-48F3A3793071}.Debug|Any CPU.Build.0 = Debug|Any CPU
		{672CEAF7-AC88-47AB-9CC0-48F3A3793071}.Release|Any CPU.ActiveCfg = Release|Any CPU
		{672CEAF7-AC88-47AB-9CC0-48F3A3793071}.Release|Any CPU.Build.0 = Release|Any CPU
	EndGlobalSection
	GlobalSection(SolutionProperties) = preSolution
		HideSolutionNode = FALSE
	EndGlobalSection
	GlobalSection(NestedProjects) = preSolution
		{4321C311-BDEE-4CF4-AC58-57A4910A0E94} = {C7697953-283E-4320-8E6A-63600F8C67F5}
		{B36F98FF-DD41-486A-9FE7-B566C801B05B} = {C7697953-283E-4320-8E6A-63600F8C67F5}
		{31910B5A-C1B7-47F2-A5A2-C2A30E62BA71} = {C7697953-283E-4320-8E6A-63600F8C67F5}
		{FAFE01F2-56B0-4E0E-990A-F4514F431CEA} = {31910B5A-C1B7-47F2-A5A2-C2A30E62BA71}
		{B0E3B0CC-9C2B-42DD-9DFE-0600A8F5DF4A} = {ACC9CE0D-44A2-45A5-B55A-4E20AA82B64F}
		{B01F7F07-9499-4247-8C41-8323DBF12646} = {4321C311-BDEE-4CF4-AC58-57A4910A0E94}
		{FE92743D-4621-40D8-BD20-570FE9D02A63} = {B36F98FF-DD41-486A-9FE7-B566C801B05B}
		{6C7789B6-8E48-405A-87B7-37CCC8DC76E0} = {B36F98FF-DD41-486A-9FE7-B566C801B05B}
		{672CEAF7-AC88-47AB-9CC0-48F3A3793071} = {B0E3B0CC-9C2B-42DD-9DFE-0600A8F5DF4A}
	EndGlobalSection
	GlobalSection(ExtensibilityGlobals) = postSolution
		SolutionGuid = {A4C94339-C124-471D-AFF7-D6117D0EBEE7}
	EndGlobalSection
EndGlobal
